// !$*UTF8*$!
{
	archiveVersion = 1;
	classes = {
	};
	objectVersion = 53;
	objects = {

/* Begin PBXBuildFile section */
		6B41678B27525AA80051BFA3 /* thumbnail.tiff in Resources */ = {isa = PBXBuildFile; fileRef = 6B8CDFAA27525732001C1A9D /* thumbnail.tiff */; };
		6B4E857C2752705B00B9C054 /* app-covers-apple-outline.mp4 in Resources */ = {isa = PBXBuildFile; fileRef = 6B4E857B2752705B00B9C054 /* app-covers-apple-outline.mp4 */; };
		6B8CDF702750B784001C1A9D /* BeRightBackView.h in Headers */ = {isa = PBXBuildFile; fileRef = 6B8CDF6F2750B784001C1A9D /* BeRightBackView.h */; };
		6B8CDF722750B784001C1A9D /* BeRightBackView.m in Sources */ = {isa = PBXBuildFile; fileRef = 6B8CDF712750B784001C1A9D /* BeRightBackView.m */; };
		6B8CDF7C2750B802001C1A9D /* VideoView.h in Headers */ = {isa = PBXBuildFile; fileRef = 6B8CDF7A2750B802001C1A9D /* VideoView.h */; };
		6B8CDF7D2750B802001C1A9D /* VideoView.m in Sources */ = {isa = PBXBuildFile; fileRef = 6B8CDF7B2750B802001C1A9D /* VideoView.m */; };
		6B8CDF852750BF1F001C1A9D /* Screensaver.h in Headers */ = {isa = PBXBuildFile; fileRef = 6B8CDF832750BF1F001C1A9D /* Screensaver.h */; };
		6B8CDF862750BF1F001C1A9D /* Screensaver.m in Sources */ = {isa = PBXBuildFile; fileRef = 6B8CDF842750BF1F001C1A9D /* Screensaver.m */; };
		6B8CDFA527524896001C1A9D /* Settings.xib in Resources */ = {isa = PBXBuildFile; fileRef = 6B8CDFA427524896001C1A9D /* Settings.xib */; };
/* End PBXBuildFile section */

/* Begin PBXFileReference section */
		6B4E857B2752705B00B9C054 /* app-covers-apple-outline.mp4 */ = {isa = PBXFileReference; lastKnownFileType = file; path = "app-covers-apple-outline.mp4"; sourceTree = "<group>"; };
		6B8CDF6C2750B784001C1A9D /* BeRightBack.saver */ = {isa = PBXFileReference; explicitFileType = wrapper.cfbundle; includeInIndex = 0; path = BeRightBack.saver; sourceTree = BUILT_PRODUCTS_DIR; };
		6B8CDF6F2750B784001C1A9D /* BeRightBackView.h */ = {isa = PBXFileReference; lastKnownFileType = sourcecode.c.h; path = BeRightBackView.h; sourceTree = "<group>"; };
		6B8CDF712750B784001C1A9D /* BeRightBackView.m */ = {isa = PBXFileReference; lastKnownFileType = sourcecode.c.objc; path = BeRightBackView.m; sourceTree = "<group>"; };
		6B8CDF7A2750B802001C1A9D /* VideoView.h */ = {isa = PBXFileReference; lastKnownFileType = sourcecode.c.h; path = VideoView.h; sourceTree = "<group>"; };
		6B8CDF7B2750B802001C1A9D /* VideoView.m */ = {isa = PBXFileReference; lastKnownFileType = sourcecode.c.objc; path = VideoView.m; sourceTree = "<group>"; };
		6B8CDF832750BF1F001C1A9D /* Screensaver.h */ = {isa = PBXFileReference; lastKnownFileType = sourcecode.c.h; path = Screensaver.h; sourceTree = "<group>"; };
		6B8CDF842750BF1F001C1A9D /* Screensaver.m */ = {isa = PBXFileReference; lastKnownFileType = sourcecode.c.objc; path = Screensaver.m; sourceTree = "<group>"; };
		6B8CDFA427524896001C1A9D /* Settings.xib */ = {isa = PBXFileReference; lastKnownFileType = file.xib; path = Settings.xib; sourceTree = "<group>"; };
		6B8CDFAA27525732001C1A9D /* thumbnail.tiff */ = {isa = PBXFileReference; lastKnownFileType = image.tiff; path = thumbnail.tiff; sourceTree = "<group>"; };
/* End PBXFileReference section */

/* Begin PBXFrameworksBuildPhase section */
		6B8CDF692750B784001C1A9D /* Frameworks */ = {
			isa = PBXFrameworksBuildPhase;
			buildActionMask = 2147483647;
			files = (
			);
			runOnlyForDeploymentPostprocessing = 0;
		};
/* End PBXFrameworksBuildPhase section */

/* Begin PBXGroup section */
		6B4E857927526B2000B9C054 /* Settings */ = {
			isa = PBXGroup;
			children = (
				6B8CDFA427524896001C1A9D /* Settings.xib */,
			);
			path = Settings;
			sourceTree = "<group>";
		};
		6B4E857A27526B3100B9C054 /* Resources */ = {
			isa = PBXGroup;
			children = (
				6B8CDFAA27525732001C1A9D /* thumbnail.tiff */,
				6B4E857B2752705B00B9C054 /* app-covers-apple-outline.mp4 */,
			);
			path = Resources;
			sourceTree = "<group>";
		};
		6B8CDF622750B784001C1A9D = {
			isa = PBXGroup;
			children = (
				6B8CDF6E2750B784001C1A9D /* BeRightBack */,
				6B8CDF6D2750B784001C1A9D /* Products */,
			);
			sourceTree = "<group>";
		};
		6B8CDF6D2750B784001C1A9D /* Products */ = {
			isa = PBXGroup;
			children = (
				6B8CDF6C2750B784001C1A9D /* BeRightBack.saver */,
			);
			name = Products;
			sourceTree = "<group>";
		};
		6B8CDF6E2750B784001C1A9D /* BeRightBack */ = {
			isa = PBXGroup;
			children = (
				6B4E857A27526B3100B9C054 /* Resources */,
				6B8CDF7E2750B805001C1A9D /* Views */,
				6B8CDF832750BF1F001C1A9D /* Screensaver.h */,
				6B8CDF842750BF1F001C1A9D /* Screensaver.m */,
			);
			path = BeRightBack;
			sourceTree = "<group>";
		};
		6B8CDF7E2750B805001C1A9D /* Views */ = {
			isa = PBXGroup;
			children = (
				6B8CDF7F2750B809001C1A9D /* BeRightBack */,
				6B8CDF802750B814001C1A9D /* Video */,
				6B4E857927526B2000B9C054 /* Settings */,
			);
			path = Views;
			sourceTree = "<group>";
		};
		6B8CDF7F2750B809001C1A9D /* BeRightBack */ = {
			isa = PBXGroup;
			children = (
				6B8CDF6F2750B784001C1A9D /* BeRightBackView.h */,
				6B8CDF712750B784001C1A9D /* BeRightBackView.m */,
			);
			path = BeRightBack;
			sourceTree = "<group>";
		};
		6B8CDF802750B814001C1A9D /* Video */ = {
			isa = PBXGroup;
			children = (
				6B8CDF7A2750B802001C1A9D /* VideoView.h */,
				6B8CDF7B2750B802001C1A9D /* VideoView.m */,
			);
			path = Video;
			sourceTree = "<group>";
		};
/* End PBXGroup section */

/* Begin PBXHeadersBuildPhase section */
		6B8CDF672750B784001C1A9D /* Headers */ = {
			isa = PBXHeadersBuildPhase;
			buildActionMask = 2147483647;
			files = (
				6B8CDF852750BF1F001C1A9D /* Screensaver.h in Headers */,
				6B8CDF702750B784001C1A9D /* BeRightBackView.h in Headers */,
				6B8CDF7C2750B802001C1A9D /* VideoView.h in Headers */,
			);
			runOnlyForDeploymentPostprocessing = 0;
		};
/* End PBXHeadersBuildPhase section */

/* Begin PBXNativeTarget section */
		6B8CDF6B2750B784001C1A9D /* BeRightBack */ = {
			isa = PBXNativeTarget;
			buildConfigurationList = 6B8CDF752750B784001C1A9D /* Build configuration list for PBXNativeTarget "BeRightBack" */;
			buildPhases = (
				6B8CDF672750B784001C1A9D /* Headers */,
				6B8CDF682750B784001C1A9D /* Sources */,
				6B8CDF692750B784001C1A9D /* Frameworks */,
				6B8CDF6A2750B784001C1A9D /* Resources */,
			);
			buildRules = (
			);
			dependencies = (
			);
			name = BeRightBack;
			productName = BeRightBack;
			productReference = 6B8CDF6C2750B784001C1A9D /* BeRightBack.saver */;
			productType = "com.apple.product-type.bundle";
		};
/* End PBXNativeTarget section */

/* Begin PBXProject section */
		6B8CDF632750B784001C1A9D /* Project object */ = {
			isa = PBXProject;
			attributes = {
				BuildIndependentTargetsInParallel = 1;
				LastUpgradeCheck = 1310;
				TargetAttributes = {
					6B8CDF6B2750B784001C1A9D = {
						CreatedOnToolsVersion = 13.1;
					};
				};
			};
			buildConfigurationList = 6B8CDF662750B784001C1A9D /* Build configuration list for PBXProject "BeRightBack" */;
			compatibilityVersion = "Xcode 9.3";
			developmentRegion = en;
			hasScannedForEncodings = 0;
			knownRegions = (
				en,
				Base,
			);
			mainGroup = 6B8CDF622750B784001C1A9D;
			productRefGroup = 6B8CDF6D2750B784001C1A9D /* Products */;
			projectDirPath = "";
			projectRoot = "";
			targets = (
				6B8CDF6B2750B784001C1A9D /* BeRightBack */,
			);
		};
/* End PBXProject section */

/* Begin PBXResourcesBuildPhase section */
		6B8CDF6A2750B784001C1A9D /* Resources */ = {
			isa = PBXResourcesBuildPhase;
			buildActionMask = 2147483647;
			files = (
				6B8CDFA527524896001C1A9D /* Settings.xib in Resources */,
				6B41678B27525AA80051BFA3 /* thumbnail.tiff in Resources */,
				6B4E857C2752705B00B9C054 /* app-covers-apple-outline.mp4 in Resources */,
			);
			runOnlyForDeploymentPostprocessing = 0;
		};
/* End PBXResourcesBuildPhase section */

/* Begin PBXSourcesBuildPhase section */
		6B8CDF682750B784001C1A9D /* Sources */ = {
			isa = PBXSourcesBuildPhase;
			buildActionMask = 2147483647;
			files = (
				6B8CDF862750BF1F001C1A9D /* Screensaver.m in Sources */,
				6B8CDF7D2750B802001C1A9D /* VideoView.m in Sources */,
				6B8CDF722750B784001C1A9D /* BeRightBackView.m in Sources */,
			);
			runOnlyForDeploymentPostprocessing = 0;
		};
/* End PBXSourcesBuildPhase section */

/* Begin XCBuildConfiguration section */
		6B8CDF732750B784001C1A9D /* Debug */ = {
			isa = XCBuildConfiguration;
			buildSettings = {
				ALWAYS_SEARCH_USER_PATHS = NO;
				CLANG_ANALYZER_NONNULL = YES;
				CLANG_ANALYZER_NUMBER_OBJECT_CONVERSION = YES_AGGRESSIVE;
				CLANG_CXX_LANGUAGE_STANDARD = "gnu++17";
				CLANG_CXX_LIBRARY = "libc++";
				CLANG_ENABLE_MODULES = YES;
				CLANG_ENABLE_OBJC_ARC = YES;
				CLANG_ENABLE_OBJC_WEAK = YES;
				CLANG_WARN_BLOCK_CAPTURE_AUTORELEASING = YES;
				CLANG_WARN_BOOL_CONVERSION = YES;
				CLANG_WARN_COMMA = YES;
				CLANG_WARN_CONSTANT_CONVERSION = YES;
				CLANG_WARN_DEPRECATED_OBJC_IMPLEMENTATIONS = YES;
				CLANG_WARN_DIRECT_OBJC_ISA_USAGE = YES_ERROR;
				CLANG_WARN_DOCUMENTATION_COMMENTS = YES;
				CLANG_WARN_EMPTY_BODY = YES;
				CLANG_WARN_ENUM_CONVERSION = YES;
				CLANG_WARN_INFINITE_RECURSION = YES;
				CLANG_WARN_INT_CONVERSION = YES;
				CLANG_WARN_NON_LITERAL_NULL_CONVERSION = YES;
				CLANG_WARN_OBJC_IMPLICIT_RETAIN_SELF = YES;
				CLANG_WARN_OBJC_LITERAL_CONVERSION = YES;
				CLANG_WARN_OBJC_ROOT_CLASS = YES_ERROR;
				CLANG_WARN_QUOTED_INCLUDE_IN_FRAMEWORK_HEADER = YES;
				CLANG_WARN_RANGE_LOOP_ANALYSIS = YES;
				CLANG_WARN_STRICT_PROTOTYPES = YES;
				CLANG_WARN_SUSPICIOUS_MOVE = YES;
				CLANG_WARN_UNGUARDED_AVAILABILITY = YES_AGGRESSIVE;
				CLANG_WARN_UNREACHABLE_CODE = YES;
				CLANG_WARN__DUPLICATE_METHOD_MATCH = YES;
				COPY_PHASE_STRIP = NO;
				DEBUG_INFORMATION_FORMAT = dwarf;
				ENABLE_STRICT_OBJC_MSGSEND = YES;
				ENABLE_TESTABILITY = YES;
				GCC_C_LANGUAGE_STANDARD = gnu11;
				GCC_DYNAMIC_NO_PIC = NO;
				GCC_NO_COMMON_BLOCKS = YES;
				GCC_OPTIMIZATION_LEVEL = 0;
				GCC_PREPROCESSOR_DEFINITIONS = (
					"DEBUG=1",
					"$(inherited)",
				);
				GCC_WARN_64_TO_32_BIT_CONVERSION = YES;
				GCC_WARN_ABOUT_RETURN_TYPE = YES_ERROR;
				GCC_WARN_UNDECLARED_SELECTOR = YES;
				GCC_WARN_UNINITIALIZED_AUTOS = YES_AGGRESSIVE;
				GCC_WARN_UNUSED_FUNCTION = YES;
				GCC_WARN_UNUSED_VARIABLE = YES;
				MACOSX_DEPLOYMENT_TARGET = 12.0;
				MTL_ENABLE_DEBUG_INFO = INCLUDE_SOURCE;
				MTL_FAST_MATH = YES;
				ONLY_ACTIVE_ARCH = YES;
				SDKROOT = macosx;
			};
			name = Debug;
		};
		6B8CDF742750B784001C1A9D /* Release */ = {
			isa = XCBuildConfiguration;
			buildSettings = {
				ALWAYS_SEARCH_USER_PATHS = NO;
				CLANG_ANALYZER_NONNULL = YES;
				CLANG_ANALYZER_NUMBER_OBJECT_CONVERSION = YES_AGGRESSIVE;
				CLANG_CXX_LANGUAGE_STANDARD = "gnu++17";
				CLANG_CXX_LIBRARY = "libc++";
				CLANG_ENABLE_MODULES = YES;
				CLANG_ENABLE_OBJC_ARC = YES;
				CLANG_ENABLE_OBJC_WEAK = YES;
				CLANG_WARN_BLOCK_CAPTURE_AUTORELEASING = YES;
				CLANG_WARN_BOOL_CONVERSION = YES;
				CLANG_WARN_COMMA = YES;
				CLANG_WARN_CONSTANT_CONVERSION = YES;
				CLANG_WARN_DEPRECATED_OBJC_IMPLEMENTATIONS = YES;
				CLANG_WARN_DIRECT_OBJC_ISA_USAGE = YES_ERROR;
				CLANG_WARN_DOCUMENTATION_COMMENTS = YES;
				CLANG_WARN_EMPTY_BODY = YES;
				CLANG_WARN_ENUM_CONVERSION = YES;
				CLANG_WARN_INFINITE_RECURSION = YES;
				CLANG_WARN_INT_CONVERSION = YES;
				CLANG_WARN_NON_LITERAL_NULL_CONVERSION = YES;
				CLANG_WARN_OBJC_IMPLICIT_RETAIN_SELF = YES;
				CLANG_WARN_OBJC_LITERAL_CONVERSION = YES;
				CLANG_WARN_OBJC_ROOT_CLASS = YES_ERROR;
				CLANG_WARN_QUOTED_INCLUDE_IN_FRAMEWORK_HEADER = YES;
				CLANG_WARN_RANGE_LOOP_ANALYSIS = YES;
				CLANG_WARN_STRICT_PROTOTYPES = YES;
				CLANG_WARN_SUSPICIOUS_MOVE = YES;
				CLANG_WARN_UNGUARDED_AVAILABILITY = YES_AGGRESSIVE;
				CLANG_WARN_UNREACHABLE_CODE = YES;
				CLANG_WARN__DUPLICATE_METHOD_MATCH = YES;
				COPY_PHASE_STRIP = NO;
				DEBUG_INFORMATION_FORMAT = "dwarf-with-dsym";
				ENABLE_NS_ASSERTIONS = NO;
				ENABLE_STRICT_OBJC_MSGSEND = YES;
				GCC_C_LANGUAGE_STANDARD = gnu11;
				GCC_NO_COMMON_BLOCKS = YES;
				GCC_WARN_64_TO_32_BIT_CONVERSION = YES;
				GCC_WARN_ABOUT_RETURN_TYPE = YES_ERROR;
				GCC_WARN_UNDECLARED_SELECTOR = YES;
				GCC_WARN_UNINITIALIZED_AUTOS = YES_AGGRESSIVE;
				GCC_WARN_UNUSED_FUNCTION = YES;
				GCC_WARN_UNUSED_VARIABLE = YES;
				MACOSX_DEPLOYMENT_TARGET = 12.0;
				MTL_ENABLE_DEBUG_INFO = NO;
				MTL_FAST_MATH = YES;
				SDKROOT = macosx;
			};
			name = Release;
		};
		6B8CDF762750B784001C1A9D /* Debug */ = {
			isa = XCBuildConfiguration;
			buildSettings = {
				CODE_SIGN_STYLE = Automatic;
				COMBINE_HIDPI_IMAGES = YES;
				CURRENT_PROJECT_VERSION = 1;
				DEVELOPMENT_TEAM = EUKTZ7725R;
				GENERATE_INFOPLIST_FILE = YES;
				INFOPLIST_KEY_NSHumanReadableCopyright = "";
				INFOPLIST_KEY_NSPrincipalClass = BeRightBackView;
				INSTALL_PATH = "$(HOME)/Library/Screen Savers";
				MARKETING_VERSION = 1.0;
				PRODUCT_BUNDLE_IDENTIFIER = com.skillbreak.BeRightBack;
				PRODUCT_NAME = "$(TARGET_NAME)";
				SWIFT_EMIT_LOC_STRINGS = YES;
				WRAPPER_EXTENSION = saver;
			};
			name = Debug;
		};
		6B8CDF772750B784001C1A9D /* Release */ = {
			isa = XCBuildConfiguration;
			buildSettings = {
				CODE_SIGN_STYLE = Automatic;
				COMBINE_HIDPI_IMAGES = YES;
				CURRENT_PROJECT_VERSION = 1;
				DEVELOPMENT_TEAM = EUKTZ7725R;
				GENERATE_INFOPLIST_FILE = YES;
				INFOPLIST_KEY_NSHumanReadableCopyright = "";
				INFOPLIST_KEY_NSPrincipalClass = BeRightBackView;
				INSTALL_PATH = "$(HOME)/Library/Screen Savers";
				MARKETING_VERSION = 1.0;
				PRODUCT_BUNDLE_IDENTIFIER = com.skillbreak.BeRightBack;
				PRODUCT_NAME = "$(TARGET_NAME)";
				SWIFT_EMIT_LOC_STRINGS = YES;
				WRAPPER_EXTENSION = saver;
			};
			name = Release;
		};
/* End XCBuildConfiguration section */

/* Begin XCConfigurationList section */
		6B8CDF662750B784001C1A9D /* Build configuration list for PBXProject "BeRightBack" */ = {
			isa = XCConfigurationList;
			buildConfigurations = (
				6B8CDF732750B784001C1A9D /* Debug */,
				6B8CDF742750B784001C1A9D /* Release */,
			);
			defaultConfigurationIsVisible = 0;
			defaultConfigurationName = Release;
		};
		6B8CDF752750B784001C1A9D /* Build configuration list for PBXNativeTarget "BeRightBack" */ = {
			isa = XCConfigurationList;
			buildConfigurations = (
				6B8CDF762750B784001C1A9D /* Debug */,
				6B8CDF772750B784001C1A9D /* Release */,
			);
			defaultConfigurationIsVisible = 0;
			defaultConfigurationName = Release;
		};
/* End XCConfigurationList section */
	};
	rootObject = 6B8CDF632750B784001C1A9D /* Project object */;
}
